
Microsoft Visual Studio Solution File, Format Version 12.00
# Visual Studio Version 17
VisualStudioVersion = 17.7.34221.43
MinimumVisualStudioVersion = 10.0.40219.1
Project("{FAE04EC0-301F-11D3-BF4B-00C04F79EFBC}") = "ConsoleApp1", "ConsoleApp1\ConsoleApp1.csproj", "{547751FC-347E-46F6-8A5F-A17BC7440A41}"
EndProject
Project("{C9674DCB-5085-4A16-B785-4C70DD1589BD}") = "Projet1", "Projet1\Projet1.dtproj", "{0486AF32-8D2D-49DE-A2B0-7D0662709A55}"
EndProject
Project("{C9674DCB-5085-4A16-B785-4C70DD1589BD}") = "Projet2", "Projet2\Projet2.dtproj", "{F4E5EF23-C9C3-4A90-AAD7-61CCBF21E8D4}"
EndProject
Project("{C9674DCB-5085-4A16-B785-4C70DD1589BD}") = "Projet3", "Projet3\Projet3.dtproj", "{52784809-04CE-45CB-AF79-13FCAFF7CC75}"
EndProject
Project("{C9674DCB-5085-4A16-B785-4C70DD1589BD}") = "Projet4", "Projet4\Projet4.dtproj", "{7A9E2181-5E61-465A-8D1A-CD3EFE43C3D2}"
EndProject
Global
	GlobalSection(SolutionConfigurationPlatforms) = preSolution
		Debug|Any CPU = Debug|Any CPU
		Development|Any CPU = Development|Any CPU
		Release|Any CPU = Release|Any CPU
	EndGlobalSection
	GlobalSection(ProjectConfigurationPlatforms) = postSolution
		{547751FC-347E-46F6-8A5F-A17BC7440A41}.Debug|Any CPU.ActiveCfg = Debug|Any CPU
		{547751FC-347E-46F6-8A5F-A17BC7440A41}.Debug|Any CPU.Build.0 = Debug|Any CPU
		{547751FC-347E-46F6-8A5F-A17BC7440A41}.Development|Any CPU.ActiveCfg = Debug|Any CPU
		{547751FC-347E-46F6-8A5F-A17BC7440A41}.Development|Any CPU.Build.0 = Debug|Any CPU
		{547751FC-347E-46F6-8A5F-A17BC7440A41}.Release|Any CPU.ActiveCfg = Release|Any CPU
		{547751FC-347E-46F6-8A5F-A17BC7440A41}.Release|Any CPU.Build.0 = Release|Any CPU
		{0486AF32-8D2D-49DE-A2B0-7D0662709A55}.Debug|Any CPU.ActiveCfg = Development
		{0486AF32-8D2D-49DE-A2B0-7D0662709A55}.Debug|Any CPU.Build.0 = Development
		{0486AF32-8D2D-49DE-A2B0-7D0662709A55}.Development|Any CPU.ActiveCfg = Development
		{0486AF32-8D2D-49DE-A2B0-7D0662709A55}.Development|Any CPU.Build.0 = Development
		{0486AF32-8D2D-49DE-A2B0-7D0662709A55}.Release|Any CPU.ActiveCfg = Development
		{0486AF32-8D2D-49DE-A2B0-7D0662709A55}.Release|Any CPU.Build.0 = Development
		{F4E5EF23-C9C3-4A90-AAD7-61CCBF21E8D4}.Debug|Any CPU.ActiveCfg = Development
		{F4E5EF23-C9C3-4A90-AAD7-61CCBF21E8D4}.Debug|Any CPU.Build.0 = Development
		{F4E5EF23-C9C3-4A90-AAD7-61CCBF21E8D4}.Development|Any CPU.ActiveCfg = Development
		{F4E5EF23-C9C3-4A90-AAD7-61CCBF21E8D4}.Development|Any CPU.Build.0 = Development
		{F4E5EF23-C9C3-4A90-AAD7-61CCBF21E8D4}.Release|Any CPU.ActiveCfg = Development
		{F4E5EF23-C9C3-4A90-AAD7-61CCBF21E8D4}.Release|Any CPU.Build.0 = Development
		{52784809-04CE-45CB-AF79-13FCAFF7CC75}.Debug|Any CPU.ActiveCfg = Development
		{52784809-04CE-45CB-AF79-13FCAFF7CC75}.Debug|Any CPU.Build.0 = Development
		{52784809-04CE-45CB-AF79-13FCAFF7CC75}.Development|Any CPU.ActiveCfg = Development
		{52784809-04CE-45CB-AF79-13FCAFF7CC75}.Development|Any CPU.Build.0 = Development
		{52784809-04CE-45CB-AF79-13FCAFF7CC75}.Release|Any CPU.ActiveCfg = Development
		{52784809-04CE-45CB-AF79-13FCAFF7CC75}.Release|Any CPU.Build.0 = Development
		{7A9E2181-5E61-465A-8D1A-CD3EFE43C3D2}.Debug|Any CPU.ActiveCfg = Development
		{7A9E2181-5E61-465A-8D1A-CD3EFE43C3D2}.Debug|Any CPU.Build.0 = Development
		{7A9E2181-5E61-465A-8D1A-CD3EFE43C3D2}.Development|Any CPU.ActiveCfg = Development
		{7A9E2181-5E61-465A-8D1A-CD3EFE43C3D2}.Development|Any CPU.Build.0 = Development
		{7A9E2181-5E61-465A-8D1A-CD3EFE43C3D2}.Release|Any CPU.ActiveCfg = Development
		{7A9E2181-5E61-465A-8D1A-CD3EFE43C3D2}.Release|Any CPU.Build.0 = Development
	EndGlobalSection
	GlobalSection(SolutionProperties) = preSolution
		HideSolutionNode = FALSE
	EndGlobalSection
	GlobalSection(ExtensibilityGlobals) = postSolution
		SolutionGuid = {7B4A64A0-474C-4733-8281-DDE5E7FE5656}
	EndGlobalSection
EndGlobal
